
Microsoft Visual Studio Solution File, Format Version 12.00
Project("{2150E333-8FDC-42A3-9474-1A3956D46DE8}") = "Core", "Core", "{44060287-C5D3-4BDC-AF0D-DE6589A2B324}"
EndProject
Project("{2150E333-8FDC-42A3-9474-1A3956D46DE8}") = "Infrastrucuture", "Infrastrucuture", "{83630609-D93B-46EC-BB4D-AED58ADE4613}"
EndProject
Project("{2150E333-8FDC-42A3-9474-1A3956D46DE8}") = "Shared", "Shared", "{36E9191D-78EC-430E-896A-A8984DC597D3}"
EndProject
Project("{2150E333-8FDC-42A3-9474-1A3956D46DE8}") = "Web", "Web", "{6A0F773F-5548-42B4-91D2-94BF15979E32}"
EndProject
Project("{FAE04EC0-301F-11D3-BF4B-00C04F79EFBC}") = "Domain", "Domain\Domain.csproj", "{30371417-A3F5-4906-963C-0D451B9AAFDC}"
EndProject
Project("{FAE04EC0-301F-11D3-BF4B-00C04F79EFBC}") = "Application", "Application\Application.csproj", "{8E64D798-50C6-440D-B629-09FCFD590F91}"
EndProject
Project("{FAE04EC0-301F-11D3-BF4B-00C04F79EFBC}") = "IoC", "IoC\IoC.csproj", "{157E67A6-78D5-42F4-B06F-113820F5D469}"
EndProject
Project("{FAE04EC0-301F-11D3-BF4B-00C04F79EFBC}") = "Repository", "Repository\Repository.csproj", "{565709AD-28C1-4AE5-9576-4DB81D151458}"
EndProject
Project("{FAE04EC0-301F-11D3-BF4B-00C04F79EFBC}") = "DTOs", "DTOs\DTOs.csproj", "{E613D385-DAB6-464E-82AD-DE40B0AC9883}"
EndProject
Project("{FAE04EC0-301F-11D3-BF4B-00C04F79EFBC}") = "Contracts", "Contracts\Contracts.csproj", "{C4308A6D-9198-42EB-AC04-97FB2F2E0B3B}"
EndProject
Project("{FAE04EC0-301F-11D3-BF4B-00C04F79EFBC}") = "API", "API\API.csproj", "{6322E6FE-82AD-41C1-AEAB-2790BEE262CA}"
EndProject
Global
	GlobalSection(SolutionConfigurationPlatforms) = preSolution
		Debug|Any CPU = Debug|Any CPU
		Release|Any CPU = Release|Any CPU
	EndGlobalSection
	GlobalSection(NestedProjects) = preSolution
		{30371417-A3F5-4906-963C-0D451B9AAFDC} = {44060287-C5D3-4BDC-AF0D-DE6589A2B324}
		{8E64D798-50C6-440D-B629-09FCFD590F91} = {44060287-C5D3-4BDC-AF0D-DE6589A2B324}
		{157E67A6-78D5-42F4-B06F-113820F5D469} = {83630609-D93B-46EC-BB4D-AED58ADE4613}
		{565709AD-28C1-4AE5-9576-4DB81D151458} = {83630609-D93B-46EC-BB4D-AED58ADE4613}
		{E613D385-DAB6-464E-82AD-DE40B0AC9883} = {36E9191D-78EC-430E-896A-A8984DC597D3}
		{C4308A6D-9198-42EB-AC04-97FB2F2E0B3B} = {36E9191D-78EC-430E-896A-A8984DC597D3}
		{6322E6FE-82AD-41C1-AEAB-2790BEE262CA} = {6A0F773F-5548-42B4-91D2-94BF15979E32}
	EndGlobalSection
	GlobalSection(ProjectConfigurationPlatforms) = postSolution
		{30371417-A3F5-4906-963C-0D451B9AAFDC}.Debug|Any CPU.ActiveCfg = Debug|Any CPU
		{30371417-A3F5-4906-963C-0D451B9AAFDC}.Debug|Any CPU.Build.0 = Debug|Any CPU
		{30371417-A3F5-4906-963C-0D451B9AAFDC}.Release|Any CPU.ActiveCfg = Release|Any CPU
		{30371417-A3F5-4906-963C-0D451B9AAFDC}.Release|Any CPU.Build.0 = Release|Any CPU
		{8E64D798-50C6-440D-B629-09FCFD590F91}.Debug|Any CPU.ActiveCfg = Debug|Any CPU
		{8E64D798-50C6-440D-B629-09FCFD590F91}.Debug|Any CPU.Build.0 = Debug|Any CPU
		{8E64D798-50C6-440D-B629-09FCFD590F91}.Release|Any CPU.ActiveCfg = Release|Any CPU
		{8E64D798-50C6-440D-B629-09FCFD590F91}.Release|Any CPU.Build.0 = Release|Any CPU
		{157E67A6-78D5-42F4-B06F-113820F5D469}.Debug|Any CPU.ActiveCfg = Debug|Any CPU
		{157E67A6-78D5-42F4-B06F-113820F5D469}.Debug|Any CPU.Build.0 = Debug|Any CPU
		{157E67A6-78D5-42F4-B06F-113820F5D469}.Release|Any CPU.ActiveCfg = Release|Any CPU
		{157E67A6-78D5-42F4-B06F-113820F5D469}.Release|Any CPU.Build.0 = Release|Any CPU
		{565709AD-28C1-4AE5-9576-4DB81D151458}.Debug|Any CPU.ActiveCfg = Debug|Any CPU
		{565709AD-28C1-4AE5-9576-4DB81D151458}.Debug|Any CPU.Build.0 = Debug|Any CPU
		{565709AD-28C1-4AE5-9576-4DB81D151458}.Release|Any CPU.ActiveCfg = Release|Any CPU
		{565709AD-28C1-4AE5-9576-4DB81D151458}.Release|Any CPU.Build.0 = Release|Any CPU
		{E613D385-DAB6-464E-82AD-DE40B0AC9883}.Debug|Any CPU.ActiveCfg = Debug|Any CPU
		{E613D385-DAB6-464E-82AD-DE40B0AC9883}.Debug|Any CPU.Build.0 = Debug|Any CPU
		{E613D385-DAB6-464E-82AD-DE40B0AC9883}.Release|Any CPU.ActiveCfg = Release|Any CPU
		{E613D385-DAB6-464E-82AD-DE40B0AC9883}.Release|Any CPU.Build.0 = Release|Any CPU
		{C4308A6D-9198-42EB-AC04-97FB2F2E0B3B}.Debug|Any CPU.ActiveCfg = Debug|Any CPU
		{C4308A6D-9198-42EB-AC04-97FB2F2E0B3B}.Debug|Any CPU.Build.0 = Debug|Any CPU
		{C4308A6D-9198-42EB-AC04-97FB2F2E0B3B}.Release|Any CPU.ActiveCfg = Release|Any CPU
		{C4308A6D-9198-42EB-AC04-97FB2F2E0B3B}.Release|Any CPU.Build.0 = Release|Any CPU
		{6322E6FE-82AD-41C1-AEAB-2790BEE262CA}.Debug|Any CPU.ActiveCfg = Debug|Any CPU
		{6322E6FE-82AD-41C1-AEAB-2790BEE262CA}.Debug|Any CPU.Build.0 = Debug|Any CPU
		{6322E6FE-82AD-41C1-AEAB-2790BEE262CA}.Release|Any CPU.ActiveCfg = Release|Any CPU
		{6322E6FE-82AD-41C1-AEAB-2790BEE262CA}.Release|Any CPU.Build.0 = Release|Any CPU
	EndGlobalSection
EndGlobal
